
Microsoft Visual Studio Solution File, Format Version 12.00
# Visual Studio Version 17
VisualStudioVersion = 17.7.34018.315
MinimumVisualStudioVersion = 10.0.40219.1
Project("{9A19103F-16F7-4668-BE54-9A1E7A4F7556}") = "FormulaEvaluator", "FormulaEvaluator\FormulaEvaluator.csproj", "{7631E020-67B0-46B3-AF95-B0EE49499A99}"
EndProject
Project("{9A19103F-16F7-4668-BE54-9A1E7A4F7556}") = "EvaluatorTester", "EvaluatorTester\EvaluatorTester.csproj", "{32B2C8F3-FFE2-4EB6-A8EA-CC9A72FF0C27}"
EndProject
Project("{9A19103F-16F7-4668-BE54-9A1E7A4F7556}") = "FormulaEvaluatorTests", "FormulaEvaluatorTests\FormulaEvaluatorTests.csproj", "{7303EC4F-FBCF-4DB2-8BB5-5B9A3FB85DB2}"
EndProject
Project("{9A19103F-16F7-4668-BE54-9A1E7A4F7556}") = "DependencyGraph", "DependencyGraph\DependencyGraph.csproj", "{0768FD8D-3105-4B4C-8946-9A8F071E52C1}"
EndProject
Project("{9A19103F-16F7-4668-BE54-9A1E7A4F7556}") = "DependencyGraphTests", "DependencyGraphTests\DependencyGraphTests.csproj", "{81560169-2068-4084-9F7C-73307481C903}"
EndProject
Project("{9A19103F-16F7-4668-BE54-9A1E7A4F7556}") = "Formula", "Formula\Formula.csproj", "{455A7C4B-79C8-4F76-BB1E-4E18BBF15C30}"
EndProject
Project("{FAE04EC0-301F-11D3-BF4B-00C04F79EFBC}") = "FormulaTests", "FormulaTests\FormulaTests.csproj", "{2DAB4797-5266-49FC-9DAD-919AD3617209}"
EndProject
Global
	GlobalSection(SolutionConfigurationPlatforms) = preSolution
		Debug|Any CPU = Debug|Any CPU
		Release|Any CPU = Release|Any CPU
	EndGlobalSection
	GlobalSection(ProjectConfigurationPlatforms) = postSolution
		{7631E020-67B0-46B3-AF95-B0EE49499A99}.Debug|Any CPU.ActiveCfg = Debug|Any CPU
		{7631E020-67B0-46B3-AF95-B0EE49499A99}.Debug|Any CPU.Build.0 = Debug|Any CPU
		{7631E020-67B0-46B3-AF95-B0EE49499A99}.Release|Any CPU.ActiveCfg = Release|Any CPU
		{7631E020-67B0-46B3-AF95-B0EE49499A99}.Release|Any CPU.Build.0 = Release|Any CPU
		{32B2C8F3-FFE2-4EB6-A8EA-CC9A72FF0C27}.Debug|Any CPU.ActiveCfg = Debug|Any CPU
		{32B2C8F3-FFE2-4EB6-A8EA-CC9A72FF0C27}.Debug|Any CPU.Build.0 = Debug|Any CPU
		{32B2C8F3-FFE2-4EB6-A8EA-CC9A72FF0C27}.Release|Any CPU.ActiveCfg = Release|Any CPU
		{32B2C8F3-FFE2-4EB6-A8EA-CC9A72FF0C27}.Release|Any CPU.Build.0 = Release|Any CPU
		{7303EC4F-FBCF-4DB2-8BB5-5B9A3FB85DB2}.Debug|Any CPU.ActiveCfg = Debug|Any CPU
		{7303EC4F-FBCF-4DB2-8BB5-5B9A3FB85DB2}.Debug|Any CPU.Build.0 = Debug|Any CPU
		{7303EC4F-FBCF-4DB2-8BB5-5B9A3FB85DB2}.Release|Any CPU.ActiveCfg = Release|Any CPU
		{7303EC4F-FBCF-4DB2-8BB5-5B9A3FB85DB2}.Release|Any CPU.Build.0 = Release|Any CPU
		{0768FD8D-3105-4B4C-8946-9A8F071E52C1}.Debug|Any CPU.ActiveCfg = Debug|Any CPU
		{0768FD8D-3105-4B4C-8946-9A8F071E52C1}.Debug|Any CPU.Build.0 = Debug|Any CPU
		{0768FD8D-3105-4B4C-8946-9A8F071E52C1}.Release|Any CPU.ActiveCfg = Release|Any CPU
		{0768FD8D-3105-4B4C-8946-9A8F071E52C1}.Release|Any CPU.Build.0 = Release|Any CPU
		{81560169-2068-4084-9F7C-73307481C903}.Debug|Any CPU.ActiveCfg = Debug|Any CPU
		{81560169-2068-4084-9F7C-73307481C903}.Debug|Any CPU.Build.0 = Debug|Any CPU
		{81560169-2068-4084-9F7C-73307481C903}.Release|Any CPU.ActiveCfg = Release|Any CPU
		{81560169-2068-4084-9F7C-73307481C903}.Release|Any CPU.Build.0 = Release|Any CPU
		{455A7C4B-79C8-4F76-BB1E-4E18BBF15C30}.Debug|Any CPU.ActiveCfg = Debug|Any CPU
		{455A7C4B-79C8-4F76-BB1E-4E18BBF15C30}.Debug|Any CPU.Build.0 = Debug|Any CPU
		{455A7C4B-79C8-4F76-BB1E-4E18BBF15C30}.Release|Any CPU.ActiveCfg = Release|Any CPU
		{455A7C4B-79C8-4F76-BB1E-4E18BBF15C30}.Release|Any CPU.Build.0 = Release|Any CPU
		{2DAB4797-5266-49FC-9DAD-919AD3617209}.Debug|Any CPU.ActiveCfg = Debug|Any CPU
		{2DAB4797-5266-49FC-9DAD-919AD3617209}.Debug|Any CPU.Build.0 = Debug|Any CPU
		{2DAB4797-5266-49FC-9DAD-919AD3617209}.Release|Any CPU.ActiveCfg = Release|Any CPU
		{2DAB4797-5266-49FC-9DAD-919AD3617209}.Release|Any CPU.Build.0 = Release|Any CPU
	EndGlobalSection
	GlobalSection(SolutionProperties) = preSolution
		HideSolutionNode = FALSE
	EndGlobalSection
	GlobalSection(ExtensibilityGlobals) = postSolution
		SolutionGuid = {46301CF2-E996-47CF-B632-E5597992CC6F}
	EndGlobalSection
EndGlobal
